
Microsoft Visual Studio Solution File, Format Version 12.00
# Visual Studio Version 17
VisualStudioVersion = 17.10.34607.79
MinimumVisualStudioVersion = 10.0.40219.1
Project("{9A19103F-16F7-4668-BE54-9A1E7A4F7556}") = "MoneyManager", "MoneyManager.csproj", "{BBBB281F-1791-44AE-AD39-E6607A1AC506}"
EndProject
Global
	GlobalSection(SolutionConfigurationPlatforms) = preSolution
		Debug|Any CPU = Debug|Any CPU
		Release|Any CPU = Release|Any CPU
	EndGlobalSection
	GlobalSection(ProjectConfigurationPlatforms) = postSolution
		{BBBB281F-1791-44AE-AD39-E6607A1AC506}.Debug|Any CPU.ActiveCfg = Debug|Any CPU
		{BBBB281F-1791-44AE-AD39-E6607A1AC506}.Debug|Any CPU.Build.0 = Debug|Any CPU
		{BBBB281F-1791-44AE-AD39-E6607A1AC506}.Release|Any CPU.ActiveCfg = Release|Any CPU
		{BBBB281F-1791-44AE-AD39-E6607A1AC506}.Release|Any CPU.Build.0 = Release|Any CPU
	EndGlobalSection
	GlobalSection(SolutionProperties) = preSolution
		HideSolutionNode = FALSE
	EndGlobalSection
	GlobalSection(ExtensibilityGlobals) = postSolution
		SolutionGuid = {9B3624E0-52D8-4B64-8871-B8CC05200FF6}
	EndGlobalSection
EndGlobal
